
Microsoft Visual Studio Solution File, Format Version 12.00
# Visual Studio Version 16
VisualStudioVersion = 16.0.31515.178
MinimumVisualStudioVersion = 10.0.40219.1
Project("{FAE04EC0-301F-11D3-BF4B-00C04F79EFBC}") = "CampeonDeBarrio", "CampeonDeBarrio\CampeonDeBarrio.csproj", "{A8AB2D12-CC9D-4F7F-B6BD-52DD07ACFCF4}"
EndProject
Project("{FAE04EC0-301F-11D3-BF4B-00C04F79EFBC}") = "UnitTestProject1", "UnitTestProject1\UnitTestProject1.csproj", "{3C528B7F-3779-466F-9D67-0DC632E4FBED}"
EndProject
Global
	GlobalSection(SolutionConfigurationPlatforms) = preSolution
		Debug|Any CPU = Debug|Any CPU
		Release|Any CPU = Release|Any CPU
	EndGlobalSection
	GlobalSection(ProjectConfigurationPlatforms) = postSolution
		{A8AB2D12-CC9D-4F7F-B6BD-52DD07ACFCF4}.Debug|Any CPU.ActiveCfg = Debug|Any CPU
		{A8AB2D12-CC9D-4F7F-B6BD-52DD07ACFCF4}.Debug|Any CPU.Build.0 = Debug|Any CPU
		{A8AB2D12-CC9D-4F7F-B6BD-52DD07ACFCF4}.Release|Any CPU.ActiveCfg = Release|Any CPU
		{A8AB2D12-CC9D-4F7F-B6BD-52DD07ACFCF4}.Release|Any CPU.Build.0 = Release|Any CPU
		{3C528B7F-3779-466F-9D67-0DC632E4FBED}.Debug|Any CPU.ActiveCfg = Debug|Any CPU
		{3C528B7F-3779-466F-9D67-0DC632E4FBED}.Debug|Any CPU.Build.0 = Debug|Any CPU
		{3C528B7F-3779-466F-9D67-0DC632E4FBED}.Release|Any CPU.ActiveCfg = Release|Any CPU
		{3C528B7F-3779-466F-9D67-0DC632E4FBED}.Release|Any CPU.Build.0 = Release|Any CPU
	EndGlobalSection
	GlobalSection(SolutionProperties) = preSolution
		HideSolutionNode = FALSE
	EndGlobalSection
	GlobalSection(ExtensibilityGlobals) = postSolution
		SolutionGuid = {BFEEF342-2A07-4C5F-B1C6-76B14EC8C51B}
	EndGlobalSection
EndGlobal
